
Microsoft Visual Studio Solution File, Format Version 12.00
# Visual Studio Version 17
VisualStudioVersion = 17.6.33829.357
MinimumVisualStudioVersion = 10.0.40219.1
Project("{FAE04EC0-301F-11D3-BF4B-00C04F79EFBC}") = "New_Cycle_2.0", "New_Cycle_2.0\New_Cycle_2.0.csproj", "{FB2404B8-D9AA-46D2-868D-F63AEF8ED7B0}"
EndProject
Global
	GlobalSection(SolutionConfigurationPlatforms) = preSolution
		Debug|Any CPU = Debug|Any CPU
		Release|Any CPU = Release|Any CPU
	EndGlobalSection
	GlobalSection(ProjectConfigurationPlatforms) = postSolution
		{FB2404B8-D9AA-46D2-868D-F63AEF8ED7B0}.Debug|Any CPU.ActiveCfg = Debug|Any CPU
		{FB2404B8-D9AA-46D2-868D-F63AEF8ED7B0}.Debug|Any CPU.Build.0 = Debug|Any CPU
		{FB2404B8-D9AA-46D2-868D-F63AEF8ED7B0}.Release|Any CPU.ActiveCfg = Release|Any CPU
		{FB2404B8-D9AA-46D2-868D-F63AEF8ED7B0}.Release|Any CPU.Build.0 = Release|Any CPU
	EndGlobalSection
	GlobalSection(SolutionProperties) = preSolution
		HideSolutionNode = FALSE
	EndGlobalSection
	GlobalSection(ExtensibilityGlobals) = postSolution
		SolutionGuid = {3B939B38-D536-4120-A70A-C496E5B0356A}
	EndGlobalSection
EndGlobal
